
Microsoft Visual Studio Solution File, Format Version 12.00
# Visual Studio 2013
VisualStudioVersion = 12.0.30501.0
MinimumVisualStudioVersion = 10.0.40219.1
Project("{2150E333-8FDC-42A3-9474-1A3956D46DE8}") = ".nuget", ".nuget", "{2BDC8864-D532-4DBD-B99A-650FA1BA46E0}"
	ProjectSection(SolutionItems) = preProject
		.nuget\NuGet.Config = .nuget\NuGet.Config
		.nuget\NuGet.exe = .nuget\NuGet.exe
		.nuget\NuGet.targets = .nuget\NuGet.targets
	EndProjectSection
EndProject
Project("{2150E333-8FDC-42A3-9474-1A3956D46DE8}") = "WebSockets", "WebSockets", "{71288DD0-5B70-4347-9AF1-F84F945AECE2}"
EndProject
Project("{FAE04EC0-301F-11D3-BF4B-00C04F79EFBC}") = "WebSockets", "WebSockets\WebSockets.csproj", "{D7FE833F-65EE-4EC4-8D80-B1A4418E2DA1}"
EndProject
Project("{2150E333-8FDC-42A3-9474-1A3956D46DE8}") = "CSharp", "CSharp", "{9ED5F66F-5B45-4C85-B647-81D0A02F660B}"
EndProject
Project("{FAE04EC0-301F-11D3-BF4B-00C04F79EFBC}") = "CustomAttributes", "CustomAttributes\CustomAttributes.csproj", "{84B19C4C-2A7D-4B23-8C66-F58A45D3D68A}"
EndProject
Project("{FAE04EC0-301F-11D3-BF4B-00C04F79EFBC}") = "Delegates", "Delegates\Delegates.csproj", "{4D3B0C16-0B75-40C9-81BA-D1163D5DAB7B}"
EndProject
Project("{2150E333-8FDC-42A3-9474-1A3956D46DE8}") = "Designing the game", "Designing the game", "{2671CE89-9C56-4743-AF9B-FE0BBB611875}"
EndProject
Project("{FAE04EC0-301F-11D3-BF4B-00C04F79EFBC}") = "Demo1", "Demo1\Demo1.csproj", "{9912205A-B26E-4B6A-A324-053151CEDEA0}"
EndProject
Project("{FAE04EC0-301F-11D3-BF4B-00C04F79EFBC}") = "SignalRChat", "SignalRChat\SignalRChat.csproj", "{053CF8E1-97E0-486A-81C6-789202901B7F}"
EndProject
Project("{FAE04EC0-301F-11D3-BF4B-00C04F79EFBC}") = "Sketches", "Sketches\Sketches.csproj", "{13A4340C-1C14-4C96-94EC-DF3286A5C823}"
EndProject
Project("{2150E333-8FDC-42A3-9474-1A3956D46DE8}") = "Design Patterns", "Design Patterns", "{A2BFBB97-42E0-43DB-9689-E165C37C8CFC}"
EndProject
Project("{FAE04EC0-301F-11D3-BF4B-00C04F79EFBC}") = "CreationalPatterns", "CreationalPatterns\CreationalPatterns.csproj", "{F0E63DDF-EF61-42FF-A0AD-C744A6F68B27}"
EndProject
Global
	GlobalSection(SolutionConfigurationPlatforms) = preSolution
		Debug|Any CPU = Debug|Any CPU
		Release|Any CPU = Release|Any CPU
	EndGlobalSection
	GlobalSection(ProjectConfigurationPlatforms) = postSolution
		{D7FE833F-65EE-4EC4-8D80-B1A4418E2DA1}.Debug|Any CPU.ActiveCfg = Debug|Any CPU
		{D7FE833F-65EE-4EC4-8D80-B1A4418E2DA1}.Debug|Any CPU.Build.0 = Debug|Any CPU
		{D7FE833F-65EE-4EC4-8D80-B1A4418E2DA1}.Release|Any CPU.ActiveCfg = Release|Any CPU
		{D7FE833F-65EE-4EC4-8D80-B1A4418E2DA1}.Release|Any CPU.Build.0 = Release|Any CPU
		{84B19C4C-2A7D-4B23-8C66-F58A45D3D68A}.Debug|Any CPU.ActiveCfg = Debug|Any CPU
		{84B19C4C-2A7D-4B23-8C66-F58A45D3D68A}.Debug|Any CPU.Build.0 = Debug|Any CPU
		{84B19C4C-2A7D-4B23-8C66-F58A45D3D68A}.Release|Any CPU.ActiveCfg = Release|Any CPU
		{84B19C4C-2A7D-4B23-8C66-F58A45D3D68A}.Release|Any CPU.Build.0 = Release|Any CPU
		{4D3B0C16-0B75-40C9-81BA-D1163D5DAB7B}.Debug|Any CPU.ActiveCfg = Debug|Any CPU
		{4D3B0C16-0B75-40C9-81BA-D1163D5DAB7B}.Debug|Any CPU.Build.0 = Debug|Any CPU
		{4D3B0C16-0B75-40C9-81BA-D1163D5DAB7B}.Release|Any CPU.ActiveCfg = Release|Any CPU
		{4D3B0C16-0B75-40C9-81BA-D1163D5DAB7B}.Release|Any CPU.Build.0 = Release|Any CPU
		{9912205A-B26E-4B6A-A324-053151CEDEA0}.Debug|Any CPU.ActiveCfg = Debug|Any CPU
		{9912205A-B26E-4B6A-A324-053151CEDEA0}.Debug|Any CPU.Build.0 = Debug|Any CPU
		{9912205A-B26E-4B6A-A324-053151CEDEA0}.Release|Any CPU.ActiveCfg = Release|Any CPU
		{9912205A-B26E-4B6A-A324-053151CEDEA0}.Release|Any CPU.Build.0 = Release|Any CPU
		{053CF8E1-97E0-486A-81C6-789202901B7F}.Debug|Any CPU.ActiveCfg = Debug|Any CPU
		{053CF8E1-97E0-486A-81C6-789202901B7F}.Debug|Any CPU.Build.0 = Debug|Any CPU
		{053CF8E1-97E0-486A-81C6-789202901B7F}.Release|Any CPU.ActiveCfg = Release|Any CPU
		{053CF8E1-97E0-486A-81C6-789202901B7F}.Release|Any CPU.Build.0 = Release|Any CPU
		{13A4340C-1C14-4C96-94EC-DF3286A5C823}.Debug|Any CPU.ActiveCfg = Debug|Any CPU
		{13A4340C-1C14-4C96-94EC-DF3286A5C823}.Debug|Any CPU.Build.0 = Debug|Any CPU
		{13A4340C-1C14-4C96-94EC-DF3286A5C823}.Release|Any CPU.ActiveCfg = Release|Any CPU
		{13A4340C-1C14-4C96-94EC-DF3286A5C823}.Release|Any CPU.Build.0 = Release|Any CPU
		{F0E63DDF-EF61-42FF-A0AD-C744A6F68B27}.Debug|Any CPU.ActiveCfg = Debug|Any CPU
		{F0E63DDF-EF61-42FF-A0AD-C744A6F68B27}.Debug|Any CPU.Build.0 = Debug|Any CPU
		{F0E63DDF-EF61-42FF-A0AD-C744A6F68B27}.Release|Any CPU.ActiveCfg = Release|Any CPU
		{F0E63DDF-EF61-42FF-A0AD-C744A6F68B27}.Release|Any CPU.Build.0 = Release|Any CPU
	EndGlobalSection
	GlobalSection(SolutionProperties) = preSolution
		HideSolutionNode = FALSE
	EndGlobalSection
	GlobalSection(NestedProjects) = preSolution
		{D7FE833F-65EE-4EC4-8D80-B1A4418E2DA1} = {71288DD0-5B70-4347-9AF1-F84F945AECE2}
		{84B19C4C-2A7D-4B23-8C66-F58A45D3D68A} = {9ED5F66F-5B45-4C85-B647-81D0A02F660B}
		{4D3B0C16-0B75-40C9-81BA-D1163D5DAB7B} = {9ED5F66F-5B45-4C85-B647-81D0A02F660B}
		{2671CE89-9C56-4743-AF9B-FE0BBB611875} = {71288DD0-5B70-4347-9AF1-F84F945AECE2}
		{9912205A-B26E-4B6A-A324-053151CEDEA0} = {2671CE89-9C56-4743-AF9B-FE0BBB611875}
		{053CF8E1-97E0-486A-81C6-789202901B7F} = {2671CE89-9C56-4743-AF9B-FE0BBB611875}
		{F0E63DDF-EF61-42FF-A0AD-C744A6F68B27} = {A2BFBB97-42E0-43DB-9689-E165C37C8CFC}
	EndGlobalSection
EndGlobal
